Microsoft Visual Studio Solution File, Format Version 11.00
# Visual Studio 2010
Project("{FAE04EC0-301F-11D3-BF4B-00C04F79EFBC}") = "WpfGL", "WpfGL\WpfGL.csproj", "{C5E5CE18-FD55-46AC-BA8B-32579ABBB25E}"
EndProject
Project("{FAE04EC0-301F-11D3-BF4B-00C04F79EFBC}") = "WpfGLDemo", "WpfGLDemo\WpfGLDemo.csproj", "{D575C311-9651-4879-8BC8-F85F77721F1D}"
EndProject
Global
        GlobalSection(SolutionConfigurationPlatforms) = preSolution
                Debug|Any CPU = Debug|Any CPU
                Release|Any CPU = Release|Any CPU
        EndGlobalSection
        GlobalSection(ProjectConfigurationPlatforms) = postSolution
                {C5E5CE18-FD55-46AC-BA8B-32579ABBB25E}.Debug|Any CPU.ActiveCfg = Debug|Any CPU
                {C5E5CE18-FD55-46AC-BA8B-32579ABBB25E}.Debug|Any CPU.Build.0 = Debug|Any CPU
                {C5E5CE18-FD55-46AC-BA8B-32579ABBB25E}.Release|Any CPU.ActiveCfg = Release|Any CPU
                {C5E5CE18-FD55-46AC-BA8B-32579ABBB25E}.Release|Any CPU.Build.0 = Release|Any CPU
                {D575C311-9651-4879-8BC8-F85F77721F1D}.Debug|Any CPU.ActiveCfg = Debug|Any CPU
                {D575C311-9651-4879-8BC8-F85F77721F1D}.Debug|Any CPU.Build.0 = Debug|Any CPU
                {D575C311-9651-4879-8BC8-F85F77721F1D}.Release|Any CPU.ActiveCfg = Release|Any CPU
                {D575C311-9651-4879-8BC8-F85F77721F1D}.Release|Any CPU.Build.0 = Release|Any CPU
        EndGlobalSection
EndGlobal
